
Microsoft Visual Studio Solution File, Format Version 12.00
# Visual Studio Version 17
VisualStudioVersion = 17.2.32505.173
MinimumVisualStudioVersion = 10.0.40219.1
Project("{9A19103F-16F7-4668-BE54-9A1E7A4F7556}") = "RefProp_wrapper", "iRefProp\RefProp_wrapper.csproj", "{82AD4422-D6AD-4E1F-A4B8-77EBDBE101F7}"
EndProject
Project("{FAE04EC0-301F-11D3-BF4B-00C04F79EFBC}") = "TestApp", "TestApp\TestApp.csproj", "{B7E6C0F6-D889-41F9-9F5A-F447A636448D}"
EndProject
Global
	GlobalSection(SolutionConfigurationPlatforms) = preSolution
		Debug|Any CPU = Debug|Any CPU
		Release|Any CPU = Release|Any CPU
	EndGlobalSection
	GlobalSection(ProjectConfigurationPlatforms) = postSolution
		{82AD4422-D6AD-4E1F-A4B8-77EBDBE101F7}.Debug|Any CPU.ActiveCfg = Debug|Any CPU
		{82AD4422-D6AD-4E1F-A4B8-77EBDBE101F7}.Debug|Any CPU.Build.0 = Debug|Any CPU
		{82AD4422-D6AD-4E1F-A4B8-77EBDBE101F7}.Release|Any CPU.ActiveCfg = Release|Any CPU
		{82AD4422-D6AD-4E1F-A4B8-77EBDBE101F7}.Release|Any CPU.Build.0 = Release|Any CPU
		{B7E6C0F6-D889-41F9-9F5A-F447A636448D}.Debug|Any CPU.ActiveCfg = Debug|Any CPU
		{B7E6C0F6-D889-41F9-9F5A-F447A636448D}.Debug|Any CPU.Build.0 = Debug|Any CPU
		{B7E6C0F6-D889-41F9-9F5A-F447A636448D}.Release|Any CPU.ActiveCfg = Release|Any CPU
		{B7E6C0F6-D889-41F9-9F5A-F447A636448D}.Release|Any CPU.Build.0 = Release|Any CPU
	EndGlobalSection
	GlobalSection(SolutionProperties) = preSolution
		HideSolutionNode = FALSE
	EndGlobalSection
	GlobalSection(ExtensibilityGlobals) = postSolution
		SolutionGuid = {9690C8A6-A237-47AC-865F-57CE40445844}
	EndGlobalSection
EndGlobal
